
Microsoft Visual Studio Solution File, Format Version 12.00
# Visual Studio Version 17
VisualStudioVersion = 17.11.35327.3
MinimumVisualStudioVersion = 10.0.40219.1
Project("{FAE04EC0-301F-11D3-BF4B-00C04F79EFBC}") = "AppData", "AppData\AppData.csproj", "{11E10BBF-0ECB-4EB3-93D8-7DBEA10A7033}"
EndProject
Project("{FAE04EC0-301F-11D3-BF4B-00C04F79EFBC}") = "AppAPI", "AppAPI\AppAPI.csproj", "{2408E5E9-2EDE-4852-A720-F02B8EA7829B}"
EndProject
Project("{FAE04EC0-301F-11D3-BF4B-00C04F79EFBC}") = "AppView", "AppView\AppView.csproj", "{45FEDE9F-CC66-449F-976A-FEC095D614D5}"
EndProject
Global
	GlobalSection(SolutionConfigurationPlatforms) = preSolution
		Debug|Any CPU = Debug|Any CPU
		Release|Any CPU = Release|Any CPU
	EndGlobalSection
	GlobalSection(ProjectConfigurationPlatforms) = postSolution
		{11E10BBF-0ECB-4EB3-93D8-7DBEA10A7033}.Debug|Any CPU.ActiveCfg = Debug|Any CPU
		{11E10BBF-0ECB-4EB3-93D8-7DBEA10A7033}.Debug|Any CPU.Build.0 = Debug|Any CPU
		{11E10BBF-0ECB-4EB3-93D8-7DBEA10A7033}.Release|Any CPU.ActiveCfg = Release|Any CPU
		{11E10BBF-0ECB-4EB3-93D8-7DBEA10A7033}.Release|Any CPU.Build.0 = Release|Any CPU
		{2408E5E9-2EDE-4852-A720-F02B8EA7829B}.Debug|Any CPU.ActiveCfg = Debug|Any CPU
		{2408E5E9-2EDE-4852-A720-F02B8EA7829B}.Debug|Any CPU.Build.0 = Debug|Any CPU
		{2408E5E9-2EDE-4852-A720-F02B8EA7829B}.Release|Any CPU.ActiveCfg = Release|Any CPU
		{2408E5E9-2EDE-4852-A720-F02B8EA7829B}.Release|Any CPU.Build.0 = Release|Any CPU
		{45FEDE9F-CC66-449F-976A-FEC095D614D5}.Debug|Any CPU.ActiveCfg = Debug|Any CPU
		{45FEDE9F-CC66-449F-976A-FEC095D614D5}.Debug|Any CPU.Build.0 = Debug|Any CPU
		{45FEDE9F-CC66-449F-976A-FEC095D614D5}.Release|Any CPU.ActiveCfg = Release|Any CPU
		{45FEDE9F-CC66-449F-976A-FEC095D614D5}.Release|Any CPU.Build.0 = Release|Any CPU
	EndGlobalSection
	GlobalSection(SolutionProperties) = preSolution
		HideSolutionNode = FALSE
	EndGlobalSection
	GlobalSection(ExtensibilityGlobals) = postSolution
		SolutionGuid = {B023DF5F-0AD2-416C-9873-2CA1024562CB}
	EndGlobalSection
EndGlobal
